
Microsoft Visual Studio Solution File, Format Version 12.00
# Visual Studio 15
VisualStudioVersion = 15.0.28307.438
MinimumVisualStudioVersion = 10.0.40219.1
Project("{FAE04EC0-301F-11D3-BF4B-00C04F79EFBC}") = "Diagnosis System", "Diagnosis System\Diagnosis System.csproj", "{88FD1C5D-58FD-4AB5-8B7C-3C7D6E938578}"
EndProject
Global
	GlobalSection(SolutionConfigurationPlatforms) = preSolution
		Debug|Any CPU = Debug|Any CPU
		Debug|x86 = Debug|x86
		Release|Any CPU = Release|Any CPU
		Release|x86 = Release|x86
	EndGlobalSection
	GlobalSection(ProjectConfigurationPlatforms) = postSolution
		{88FD1C5D-58FD-4AB5-8B7C-3C7D6E938578}.Debug|Any CPU.ActiveCfg = Debug|Any CPU
		{88FD1C5D-58FD-4AB5-8B7C-3C7D6E938578}.Debug|Any CPU.Build.0 = Debug|Any CPU
		{88FD1C5D-58FD-4AB5-8B7C-3C7D6E938578}.Debug|x86.ActiveCfg = Debug|x86
		{88FD1C5D-58FD-4AB5-8B7C-3C7D6E938578}.Debug|x86.Build.0 = Debug|x86
		{88FD1C5D-58FD-4AB5-8B7C-3C7D6E938578}.Release|Any CPU.ActiveCfg = Release|Any CPU
		{88FD1C5D-58FD-4AB5-8B7C-3C7D6E938578}.Release|Any CPU.Build.0 = Release|Any CPU
		{88FD1C5D-58FD-4AB5-8B7C-3C7D6E938578}.Release|x86.ActiveCfg = Release|x86
		{88FD1C5D-58FD-4AB5-8B7C-3C7D6E938578}.Release|x86.Build.0 = Release|x86
	EndGlobalSection
	GlobalSection(SolutionProperties) = preSolution
		HideSolutionNode = FALSE
	EndGlobalSection
	GlobalSection(ExtensibilityGlobals) = postSolution
		SolutionGuid = {758E855D-72B6-43AB-AF0A-B5B39DA80CF7}
	EndGlobalSection
EndGlobal
